
Microsoft Visual Studio Solution File, Format Version 12.00
# Visual Studio Version 17
VisualStudioVersion = 17.13.35931.197 d17.13
MinimumVisualStudioVersion = 10.0.40219.1
Project("{FAE04EC0-301F-11D3-BF4B-00C04F79EFBC}") = "calculator", "calculator\calculator.csproj", "{AD656E4C-C853-4606-BA36-F734C95DFE17}"
EndProject
Global
	GlobalSection(SolutionConfigurationPlatforms) = preSolution
		Debug|Any CPU = Debug|Any CPU
		Release|Any CPU = Release|Any CPU
	EndGlobalSection
	GlobalSection(ProjectConfigurationPlatforms) = postSolution
		{AD656E4C-C853-4606-BA36-F734C95DFE17}.Debug|Any CPU.ActiveCfg = Debug|Any CPU
		{AD656E4C-C853-4606-BA36-F734C95DFE17}.Debug|Any CPU.Build.0 = Debug|Any CPU
		{AD656E4C-C853-4606-BA36-F734C95DFE17}.Release|Any CPU.ActiveCfg = Release|Any CPU
		{AD656E4C-C853-4606-BA36-F734C95DFE17}.Release|Any CPU.Build.0 = Release|Any CPU
	EndGlobalSection
	GlobalSection(SolutionProperties) = preSolution
		HideSolutionNode = FALSE
	EndGlobalSection
	GlobalSection(ExtensibilityGlobals) = postSolution
		SolutionGuid = {3BA2B274-C924-40DF-8C49-5FF38DB0C21C}
	EndGlobalSection
EndGlobal
